// !$*UTF8*$!
{
	archiveVersion = 1;
	classes = {
	};
	objectVersion = 46;
	objects = {

/* Begin PBXBuildFile section */
		7FA3FA3D1C7EA57900245AD8 /* main.m in Sources */ = {isa = PBXBuildFile; fileRef = 7FA3FA3C1C7EA57900245AD8 /* main.m */; };
		7FA3FA401C7EA57900245AD8 /* AppDelegate.m in Sources */ = {isa = PBXBuildFile; fileRef = 7FA3FA3F1C7EA57900245AD8 /* AppDelegate.m */; };
		7FA3FA431C7EA57900245AD8 /* GameScene.m in Sources */ = {isa = PBXBuildFile; fileRef = 7FA3FA421C7EA57900245AD8 /* GameScene.m */; };
		7FA3FA451C7EA57900245AD8 /* GameScene.sks in Resources */ = {isa = PBXBuildFile; fileRef = 7FA3FA441C7EA57900245AD8 /* GameScene.sks */; };
		7FA3FA481C7EA57900245AD8 /* GameViewController.m in Sources */ = {isa = PBXBuildFile; fileRef = 7FA3FA471C7EA57900245AD8 /* GameViewController.m */; };
		7FA3FA4B1C7EA57900245AD8 /* Main.storyboard in Resources */ = {isa = PBXBuildFile; fileRef = 7FA3FA491C7EA57900245AD8 /* Main.storyboard */; };
		7FA3FA4D1C7EA57900245AD8 /* Assets.xcassets in Resources */ = {isa = PBXBuildFile; fileRef = 7FA3FA4C1C7EA57900245AD8 /* Assets.xcassets */; };
		7FA3FA501C7EA57900245AD8 /* LaunchScreen.storyboard in Resources */ = {isa = PBXBuildFile; fileRef = 7FA3FA4E1C7EA57900245AD8 /* LaunchScreen.storyboard */; };
		7FA3FA581C7EA69800245AD8 /* drewandinewyears2016.jpg in Resources */ = {isa = PBXBuildFile; fileRef = 7FA3FA571C7EA69800245AD8 /* drewandinewyears2016.jpg */; };
		7FA3FA621C7EA6C500245AD8 /* UIImage+Alpha.m in Sources */ = {isa = PBXBuildFile; fileRef = 7FA3FA5B1C7EA6C500245AD8 /* UIImage+Alpha.m */; };
		7FA3FA631C7EA6C500245AD8 /* UIImage+AlphaAdditions.m in Sources */ = {isa = PBXBuildFile; fileRef = 7FA3FA5D1C7EA6C500245AD8 /* UIImage+AlphaAdditions.m */; };
		7FA3FA641C7EA6C500245AD8 /* UIImage+ResizeAdditions.m in Sources */ = {isa = PBXBuildFile; fileRef = 7FA3FA5F1C7EA6C500245AD8 /* UIImage+ResizeAdditions.m */; };
		7FA3FA651C7EA6C500245AD8 /* UIImage+RoundedCornerAdditions.m in Sources */ = {isa = PBXBuildFile; fileRef = 7FA3FA611C7EA6C500245AD8 /* UIImage+RoundedCornerAdditions.m */; };
/* End PBXBuildFile section */

/* Begin PBXFileReference section */
		7FA3FA381C7EA57900245AD8 /* SlotMachine.app */ = {isa = PBXFileReference; explicitFileType = wrapper.application; includeInIndex = 0; path = SlotMachine.app; sourceTree = BUILT_PRODUCTS_DIR; };
		7FA3FA3C1C7EA57900245AD8 /* main.m */ = {isa = PBXFileReference; lastKnownFileType = sourcecode.c.objc; path = main.m; sourceTree = "<group>"; };
		7FA3FA3E1C7EA57900245AD8 /* AppDelegate.h */ = {isa = PBXFileReference; lastKnownFileType = sourcecode.c.h; path = AppDelegate.h; sourceTree = "<group>"; };
		7FA3FA3F1C7EA57900245AD8 /* AppDelegate.m */ = {isa = PBXFileReference; lastKnownFileType = sourcecode.c.objc; path = AppDelegate.m; sourceTree = "<group>"; };
		7FA3FA411C7EA57900245AD8 /* GameScene.h */ = {isa = PBXFileReference; lastKnownFileType = sourcecode.c.h; path = GameScene.h; sourceTree = "<group>"; };
		7FA3FA421C7EA57900245AD8 /* GameScene.m */ = {isa = PBXFileReference; lastKnownFileType = sourcecode.c.objc; path = GameScene.m; sourceTree = "<group>"; };
		7FA3FA441C7EA57900245AD8 /* GameScene.sks */ = {isa = PBXFileReference; lastKnownFileType = file.sks; path = GameScene.sks; sourceTree = "<group>"; };
		7FA3FA461C7EA57900245AD8 /* GameViewController.h */ = {isa = PBXFileReference; lastKnownFileType = sourcecode.c.h; path = GameViewController.h; sourceTree = "<group>"; };
		7FA3FA471C7EA57900245AD8 /* GameViewController.m */ = {isa = PBXFileReference; lastKnownFileType = sourcecode.c.objc; path = GameViewController.m; sourceTree = "<group>"; };
		7FA3FA4A1C7EA57900245AD8 /* Base */ = {isa = PBXFileReference; lastKnownFileType = file.storyboard; name = Base; path = Base.lproj/Main.storyboard; sourceTree = "<group>"; };
		7FA3FA4C1C7EA57900245AD8 /* Assets.xcassets */ = {isa = PBXFileReference; lastKnownFileType = folder.assetcatalog; path = Assets.xcassets; sourceTree = "<group>"; };
		7FA3FA4F1C7EA57900245AD8 /* Base */ = {isa = PBXFileReference; lastKnownFileType = file.storyboard; name = Base; path = Base.lproj/LaunchScreen.storyboard; sourceTree = "<group>"; };
		7FA3FA511C7EA57900245AD8 /* Info.plist */ = {isa = PBXFileReference; lastKnownFileType = text.plist.xml; path = Info.plist; sourceTree = "<group>"; };
		7FA3FA571C7EA69800245AD8 /* drewandinewyears2016.jpg */ = {isa = PBXFileReference; lastKnownFileType = image.jpeg; path = drewandinewyears2016.jpg; sourceTree = "<group>"; };
		7FA3FA5A1C7EA6C500245AD8 /* UIImage+Alpha.h */ = {isa = PBXFileReference; fileEncoding = 4; lastKnownFileType = sourcecode.c.h; path = "UIImage+Alpha.h"; sourceTree = "<group>"; };
		7FA3FA5B1C7EA6C500245AD8 /* UIImage+Alpha.m */ = {isa = PBXFileReference; fileEncoding = 4; lastKnownFileType = sourcecode.c.objc; path = "UIImage+Alpha.m"; sourceTree = "<group>"; };
		7FA3FA5C1C7EA6C500245AD8 /* UIImage+AlphaAdditions.h */ = {isa = PBXFileReference; fileEncoding = 4; lastKnownFileType = sourcecode.c.h; path = "UIImage+AlphaAdditions.h"; sourceTree = "<group>"; };
		7FA3FA5D1C7EA6C500245AD8 /* UIImage+AlphaAdditions.m */ = {isa = PBXFileReference; fileEncoding = 4; lastKnownFileType = sourcecode.c.objc; path = "UIImage+AlphaAdditions.m"; sourceTree = "<group>"; };
		7FA3FA5E1C7EA6C500245AD8 /* UIImage+ResizeAdditions.h */ = {isa = PBXFileReference; fileEncoding = 4; lastKnownFileType = sourcecode.c.h; path = "UIImage+ResizeAdditions.h"; sourceTree = "<group>"; };
		7FA3FA5F1C7EA6C500245AD8 /* UIImage+ResizeAdditions.m */ = {isa = PBXFileReference; fileEncoding = 4; lastKnownFileType = sourcecode.c.objc; path = "UIImage+ResizeAdditions.m"; sourceTree = "<group>"; };
		7FA3FA601C7EA6C500245AD8 /* UIImage+RoundedCornerAdditions.h */ = {isa = PBXFileReference; fileEncoding = 4; lastKnownFileType = sourcecode.c.h; path = "UIImage+RoundedCornerAdditions.h"; sourceTree = "<group>"; };
		7FA3FA611C7EA6C500245AD8 /* UIImage+RoundedCornerAdditions.m */ = {isa = PBXFileReference; fileEncoding = 4; lastKnownFileType = sourcecode.c.objc; path = "UIImage+RoundedCornerAdditions.m"; sourceTree = "<group>"; };
/* End PBXFileReference section */

/* Begin PBXFrameworksBuildPhase section */
		7FA3FA351C7EA57900245AD8 /* Frameworks */ = {
			isa = PBXFrameworksBuildPhase;
			buildActionMask = 2147483647;
			files = (
			);
			runOnlyForDeploymentPostprocessing = 0;
		};
/* End PBXFrameworksBuildPhase section */

/* Begin PBXGroup section */
		7FA3FA2F1C7EA57900245AD8 = {
			isa = PBXGroup;
			children = (
				7FA3FA3A1C7EA57900245AD8 /* SlotMachine */,
				7FA3FA391C7EA57900245AD8 /* Products */,
			);
			sourceTree = "<group>";
		};
		7FA3FA391C7EA57900245AD8 /* Products */ = {
			isa = PBXGroup;
			children = (
				7FA3FA381C7EA57900245AD8 /* SlotMachine.app */,
			);
			name = Products;
			sourceTree = "<group>";
		};
		7FA3FA3A1C7EA57900245AD8 /* SlotMachine */ = {
			isa = PBXGroup;
			children = (
				7FA3FA591C7EA6C500245AD8 /* Categories */,
				7FA3FA3E1C7EA57900245AD8 /* AppDelegate.h */,
				7FA3FA3F1C7EA57900245AD8 /* AppDelegate.m */,
				7FA3FA411C7EA57900245AD8 /* GameScene.h */,
				7FA3FA421C7EA57900245AD8 /* GameScene.m */,
				7FA3FA441C7EA57900245AD8 /* GameScene.sks */,
				7FA3FA461C7EA57900245AD8 /* GameViewController.h */,
				7FA3FA471C7EA57900245AD8 /* GameViewController.m */,
				7FA3FA491C7EA57900245AD8 /* Main.storyboard */,
				7FA3FA4C1C7EA57900245AD8 /* Assets.xcassets */,
				7FA3FA4E1C7EA57900245AD8 /* LaunchScreen.storyboard */,
				7FA3FA511C7EA57900245AD8 /* Info.plist */,
				7FA3FA3B1C7EA57900245AD8 /* Supporting Files */,
			);
			path = SlotMachine;
			sourceTree = "<group>";
		};
		7FA3FA3B1C7EA57900245AD8 /* Supporting Files */ = {
			isa = PBXGroup;
			children = (
				7FA3FA571C7EA69800245AD8 /* drewandinewyears2016.jpg */,
				7FA3FA3C1C7EA57900245AD8 /* main.m */,
			);
			name = "Supporting Files";
			sourceTree = "<group>";
		};
		7FA3FA591C7EA6C500245AD8 /* Categories */ = {
			isa = PBXGroup;
			children = (
				7FA3FA5A1C7EA6C500245AD8 /* UIImage+Alpha.h */,
				7FA3FA5B1C7EA6C500245AD8 /* UIImage+Alpha.m */,
				7FA3FA5C1C7EA6C500245AD8 /* UIImage+AlphaAdditions.h */,
				7FA3FA5D1C7EA6C500245AD8 /* UIImage+AlphaAdditions.m */,
				7FA3FA5E1C7EA6C500245AD8 /* UIImage+ResizeAdditions.h */,
				7FA3FA5F1C7EA6C500245AD8 /* UIImage+ResizeAdditions.m */,
				7FA3FA601C7EA6C500245AD8 /* UIImage+RoundedCornerAdditions.h */,
				7FA3FA611C7EA6C500245AD8 /* UIImage+RoundedCornerAdditions.m */,
			);
			path = Categories;
			sourceTree = "<group>";
		};
/* End PBXGroup section */

/* Begin PBXNativeTarget section */
		7FA3FA371C7EA57900245AD8 /* SlotMachine */ = {
			isa = PBXNativeTarget;
			buildConfigurationList = 7FA3FA541C7EA57900245AD8 /* Build configuration list for PBXNativeTarget "SlotMachine" */;
			buildPhases = (
				7FA3FA341C7EA57900245AD8 /* Sources */,
				7FA3FA351C7EA57900245AD8 /* Frameworks */,
				7FA3FA361C7EA57900245AD8 /* Resources */,
			);
			buildRules = (
			);
			dependencies = (
			);
			name = SlotMachine;
			productName = SlotMachine;
			productReference = 7FA3FA381C7EA57900245AD8 /* SlotMachine.app */;
			productType = "com.apple.product-type.application";
		};
/* End PBXNativeTarget section */

/* Begin PBXProject section */
		7FA3FA301C7EA57900245AD8 /* Project object */ = {
			isa = PBXProject;
			attributes = {
				LastUpgradeCheck = 0720;
				ORGANIZATIONNAME = byteMason;
				TargetAttributes = {
					7FA3FA371C7EA57900245AD8 = {
						CreatedOnToolsVersion = 7.2.1;
					};
				};
			};
			buildConfigurationList = 7FA3FA331C7EA57900245AD8 /* Build configuration list for PBXProject "SlotMachine" */;
			compatibilityVersion = "Xcode 3.2";
			developmentRegion = English;
			hasScannedForEncodings = 0;
			knownRegions = (
				en,
				Base,
			);
			mainGroup = 7FA3FA2F1C7EA57900245AD8;
			productRefGroup = 7FA3FA391C7EA57900245AD8 /* Products */;
			projectDirPath = "";
			projectRoot = "";
			targets = (
				7FA3FA371C7EA57900245AD8 /* SlotMachine */,
			);
		};
/* End PBXProject section */

/* Begin PBXResourcesBuildPhase section */
		7FA3FA361C7EA57900245AD8 /* Resources */ = {
			isa = PBXResourcesBuildPhase;
			buildActionMask = 2147483647;
			files = (
				7FA3FA581C7EA69800245AD8 /* drewandinewyears2016.jpg in Resources */,
				7FA3FA451C7EA57900245AD8 /* GameScene.sks in Resources */,
				7FA3FA501C7EA57900245AD8 /* LaunchScreen.storyboard in Resources */,
				7FA3FA4D1C7EA57900245AD8 /* Assets.xcassets in Resources */,
				7FA3FA4B1C7EA57900245AD8 /* Main.storyboard in Resources */,
			);
			runOnlyForDeploymentPostprocessing = 0;
		};
/* End PBXResourcesBuildPhase section */

/* Begin PBXSourcesBuildPhase section */
		7FA3FA341C7EA57900245AD8 /* Sources */ = {
			isa = PBXSourcesBuildPhase;
			buildActionMask = 2147483647;
			files = (
				7FA3FA651C7EA6C500245AD8 /* UIImage+RoundedCornerAdditions.m in Sources */,
				7FA3FA631C7EA6C500245AD8 /* UIImage+AlphaAdditions.m in Sources */,
				7FA3FA481C7EA57900245AD8 /* GameViewController.m in Sources */,
				7FA3FA401C7EA57900245AD8 /* AppDelegate.m in Sources */,
				7FA3FA431C7EA57900245AD8 /* GameScene.m in Sources */,
				7FA3FA621C7EA6C500245AD8 /* UIImage+Alpha.m in Sources */,
				7FA3FA641C7EA6C500245AD8 /* UIImage+ResizeAdditions.m in Sources */,
				7FA3FA3D1C7EA57900245AD8 /* main.m in Sources */,
			);
			runOnlyForDeploymentPostprocessing = 0;
		};
/* End PBXSourcesBuildPhase section */

/* Begin PBXVariantGroup section */
		7FA3FA491C7EA57900245AD8 /* Main.storyboard */ = {
			isa = PBXVariantGroup;
			children = (
				7FA3FA4A1C7EA57900245AD8 /* Base */,
			);
			name = Main.storyboard;
			sourceTree = "<group>";
		};
		7FA3FA4E1C7EA57900245AD8 /* LaunchScreen.storyboard */ = {
			isa = PBXVariantGroup;
			children = (
				7FA3FA4F1C7EA57900245AD8 /* Base */,
			);
			name = LaunchScreen.storyboard;
			sourceTree = "<group>";
		};
/* End PBXVariantGroup section */

/* Begin XCBuildConfiguration section */
		7FA3FA521C7EA57900245AD8 /* Debug */ = {
			isa = XCBuildConfiguration;
			buildSettings = {
				ALWAYS_SEARCH_USER_PATHS = NO;
				CLANG_CXX_LANGUAGE_STANDARD = "gnu++0x";
				CLANG_CXX_LIBRARY = "libc++";
				CLANG_ENABLE_MODULES = YES;
				CLANG_ENABLE_OBJC_ARC = YES;
				CLANG_WARN_BOOL_CONVERSION = YES;
				CLANG_WARN_CONSTANT_CONVERSION = YES;
				CLANG_WARN_DIRECT_OBJC_ISA_USAGE = YES_ERROR;
				CLANG_WARN_EMPTY_BODY = YES;
				CLANG_WARN_ENUM_CONVERSION = YES;
				CLANG_WARN_INT_CONVERSION = YES;
				CLANG_WARN_OBJC_ROOT_CLASS = YES_ERROR;
				CLANG_WARN_UNREACHABLE_CODE = YES;
				CLANG_WARN__DUPLICATE_METHOD_MATCH = YES;
				"CODE_SIGN_IDENTITY[sdk=iphoneos*]" = "iPhone Developer";
				COPY_PHASE_STRIP = NO;
				DEBUG_INFORMATION_FORMAT = "dwarf-with-dsym";
				ENABLE_STRICT_OBJC_MSGSEND = YES;
				ENABLE_TESTABILITY = YES;
				GCC_C_LANGUAGE_STANDARD = gnu99;
				GCC_DYNAMIC_NO_PIC = NO;
				GCC_NO_COMMON_BLOCKS = YES;
				GCC_OPTIMIZATION_LEVEL = 0;
				GCC_PREPROCESSOR_DEFINITIONS = (
					"DEBUG=1",
					"$(inherited)",
				);
				GCC_WARN_64_TO_32_BIT_CONVERSION = YES;
				GCC_WARN_ABOUT_RETURN_TYPE = YES_ERROR;
				GCC_WARN_UNDECLARED_SELECTOR = YES;
				GCC_WARN_UNINITIALIZED_AUTOS = YES_AGGRESSIVE;
				GCC_WARN_UNUSED_FUNCTION = YES;
				GCC_WARN_UNUSED_VARIABLE = YES;
				IPHONEOS_DEPLOYMENT_TARGET = 9.2;
				MTL_ENABLE_DEBUG_INFO = YES;
				ONLY_ACTIVE_ARCH = YES;
				SDKROOT = iphoneos;
				TARGETED_DEVICE_FAMILY = "1,2";
			};
			name = Debug;
		};
		7FA3FA531C7EA57900245AD8 /* Release */ = {
			isa = XCBuildConfiguration;
			buildSettings = {
				ALWAYS_SEARCH_USER_PATHS = NO;
				CLANG_CXX_LANGUAGE_STANDARD = "gnu++0x";
				CLANG_CXX_LIBRARY = "libc++";
				CLANG_ENABLE_MODULES = YES;
				CLANG_ENABLE_OBJC_ARC = YES;
				CLANG_WARN_BOOL_CONVERSION = YES;
				CLANG_WARN_CONSTANT_CONVERSION = YES;
				CLANG_WARN_DIRECT_OBJC_ISA_USAGE = YES_ERROR;
				CLANG_WARN_EMPTY_BODY = YES;
				CLANG_WARN_ENUM_CONVERSION = YES;
				CLANG_WARN_INT_CONVERSION = YES;
				CLANG_WARN_OBJC_ROOT_CLASS = YES_ERROR;
				CLANG_WARN_UNREACHABLE_CODE = YES;
				CLANG_WARN__DUPLICATE_METHOD_MATCH = YES;
				"CODE_SIGN_IDENTITY[sdk=iphoneos*]" = "iPhone Developer";
				COPY_PHASE_STRIP = NO;
				DEBUG_INFORMATION_FORMAT = "dwarf-with-dsym";
				ENABLE_NS_ASSERTIONS = NO;
				ENABLE_STRICT_OBJC_MSGSEND = YES;
				GCC_C_LANGUAGE_STANDARD = gnu99;
				GCC_NO_COMMON_BLOCKS = YES;
				GCC_WARN_64_TO_32_BIT_CONVERSION = YES;
				GCC_WARN_ABOUT_RETURN_TYPE = YES_ERROR;
				GCC_WARN_UNDECLARED_SELECTOR = YES;
				GCC_WARN_UNINITIALIZED_AUTOS = YES_AGGRESSIVE;
				GCC_WARN_UNUSED_FUNCTION = YES;
				GCC_WARN_UNUSED_VARIABLE = YES;
				IPHONEOS_DEPLOYMENT_TARGET = 9.2;
				MTL_ENABLE_DEBUG_INFO = NO;
				SDKROOT = iphoneos;
				TARGETED_DEVICE_FAMILY = "1,2";
				VALIDATE_PRODUCT = YES;
			};
			name = Release;
		};
		7FA3FA551C7EA57900245AD8 /* Debug */ = {
			isa = XCBuildConfiguration;
			buildSettings = {
				ASSETCATALOG_COMPILER_APPICON_NAME = AppIcon;
				INFOPLIST_FILE = SlotMachine/Info.plist;
				LD_RUNPATH_SEARCH_PATHS = "$(inherited) @executable_path/Frameworks";
				PRODUCT_BUNDLE_IDENTIFIER = com.bytemason.SlotMachine;
				PRODUCT_NAME = "$(TARGET_NAME)";
			};
			name = Debug;
		};
		7FA3FA561C7EA57900245AD8 /* Release */ = {
			isa = XCBuildConfiguration;
			buildSettings = {
				ASSETCATALOG_COMPILER_APPICON_NAME = AppIcon;
				INFOPLIST_FILE = SlotMachine/Info.plist;
				LD_RUNPATH_SEARCH_PATHS = "$(inherited) @executable_path/Frameworks";
				PRODUCT_BUNDLE_IDENTIFIER = com.bytemason.SlotMachine;
				PRODUCT_NAME = "$(TARGET_NAME)";
			};
			name = Release;
		};
/* End XCBuildConfiguration section */

/* Begin XCConfigurationList section */
		7FA3FA331C7EA57900245AD8 /* Build configuration list for PBXProject "SlotMachine" */ = {
			isa = XCConfigurationList;
			buildConfigurations = (
				7FA3FA521C7EA57900245AD8 /* Debug */,
				7FA3FA531C7EA57900245AD8 /* Release */,
			);
			defaultConfigurationIsVisible = 0;
			defaultConfigurationName = Release;
		};
		7FA3FA541C7EA57900245AD8 /* Build configuration list for PBXNativeTarget "SlotMachine" */ = {
			isa = XCConfigurationList;
			buildConfigurations = (
				7FA3FA551C7EA57900245AD8 /* Debug */,
				7FA3FA561C7EA57900245AD8 /* Release */,
			);
			defaultConfigurationIsVisible = 0;
		};
/* End XCConfigurationList section */
	};
	rootObject = 7FA3FA301C7EA57900245AD8 /* Project object */;
}
